// !$*UTF8*$!
{
	archiveVersion = 1;
	classes = {
	};
	objectVersion = 46;
	objects = {

/* Begin PBXBuildFile section */
		2A00E513174D9A7E00C35F14 /* Lato-Bla.ttf in Resources */ = {isa = PBXBuildFile; fileRef = 2A00E509174D9A7E00C35F14 /* Lato-Bla.ttf */; };
		2A00E514174D9A7E00C35F14 /* Lato-BlaIta.ttf in Resources */ = {isa = PBXBuildFile; fileRef = 2A00E50A174D9A7E00C35F14 /* Lato-BlaIta.ttf */; };
		2A00E515174D9A7E00C35F14 /* Lato-Bol.ttf in Resources */ = {isa = PBXBuildFile; fileRef = 2A00E50B174D9A7E00C35F14 /* Lato-Bol.ttf */; };
		2A00E516174D9A7E00C35F14 /* Lato-BolIta.ttf in Resources */ = {isa = PBXBuildFile; fileRef = 2A00E50C174D9A7E00C35F14 /* Lato-BolIta.ttf */; };
		2A00E517174D9A7E00C35F14 /* Lato-Hai.ttf in Resources */ = {isa = PBXBuildFile; fileRef = 2A00E50D174D9A7E00C35F14 /* Lato-Hai.ttf */; };
		2A00E518174D9A7E00C35F14 /* Lato-HaiIta.ttf in Resources */ = {isa = PBXBuildFile; fileRef = 2A00E50E174D9A7E00C35F14 /* Lato-HaiIta.ttf */; };
		2A00E519174D9A7E00C35F14 /* Lato-Lig.ttf in Resources */ = {isa = PBXBuildFile; fileRef = 2A00E50F174D9A7E00C35F14 /* Lato-Lig.ttf */; };
		2A00E51A174D9A7E00C35F14 /* Lato-LigIta.ttf in Resources */ = {isa = PBXBuildFile; fileRef = 2A00E510174D9A7E00C35F14 /* Lato-LigIta.ttf */; };
		2A00E51B174D9A7E00C35F14 /* Lato-Reg.ttf in Resources */ = {isa = PBXBuildFile; fileRef = 2A00E511174D9A7E00C35F14 /* Lato-Reg.ttf */; };
		2A00E51C174D9A7E00C35F14 /* Lato-RegIta.ttf in Resources */ = {isa = PBXBuildFile; fileRef = 2A00E512174D9A7E00C35F14 /* Lato-RegIta.ttf */; };
		2A00E520174D9E2100C35F14 /* UIColor+THColor.m in Sources */ = {isa = PBXBuildFile; fileRef = 2A00E51F174D9E2100C35F14 /* UIColor+THColor.m */; };
		2A00E529174E69E000C35F14 /* ipad-characters@2x.png in Resources */ = {isa = PBXBuildFile; fileRef = 2A00E523174E69E000C35F14 /* ipad-characters@2x.png */; };
		2A00E52A174E69E000C35F14 /* ipad-close@2x.png in Resources */ = {isa = PBXBuildFile; fileRef = 2A00E524174E69E000C35F14 /* ipad-close@2x.png */; };
		2A00E52B174E69E000C35F14 /* ipad-delete@2x.png in Resources */ = {isa = PBXBuildFile; fileRef = 2A00E525174E69E000C35F14 /* ipad-delete@2x.png */; };
		2A00E52C174E69E000C35F14 /* ipad-info@2x.png in Resources */ = {isa = PBXBuildFile; fileRef = 2A00E526174E69E000C35F14 /* ipad-info@2x.png */; };
		2A00E52D174E69E000C35F14 /* ipad-outline@2x.png in Resources */ = {isa = PBXBuildFile; fileRef = 2A00E527174E69E000C35F14 /* ipad-outline@2x.png */; };
		2A00E52E174E69E000C35F14 /* ipad-research@2x.png in Resources */ = {isa = PBXBuildFile; fileRef = 2A00E528174E69E000C35F14 /* ipad-research@2x.png */; };
		2A00E534174E6CEE00C35F14 /* ProjectButton.m in Sources */ = {isa = PBXBuildFile; fileRef = 2A00E533174E6CEE00C35F14 /* ProjectButton.m */; };
		2A00E536174E7E0500C35F14 /* ipad-outline2@2x.png in Resources */ = {isa = PBXBuildFile; fileRef = 2A00E535174E7E0500C35F14 /* ipad-outline2@2x.png */; };
		2A00E539174EC5B300C35F14 /* IPadProjectInformationViewController.m in Sources */ = {isa = PBXBuildFile; fileRef = 2A00E538174EC5B300C35F14 /* IPadProjectInformationViewController.m */; };
		2A00E53C174FCE7C00C35F14 /* THUtil.m in Sources */ = {isa = PBXBuildFile; fileRef = 2A00E53B174FCE7B00C35F14 /* THUtil.m */; };
		2A00E53F175646FC00C35F14 /* IPadProjectNewViewController.m in Sources */ = {isa = PBXBuildFile; fileRef = 2A00E53E175646FC00C35F14 /* IPadProjectNewViewController.m */; };
		2A1BD43F173C805C00E2CE33 /* UIKit.framework in Frameworks */ = {isa = PBXBuildFile; fileRef = 2A1BD43E173C805C00E2CE33 /* UIKit.framework */; };
		2A1BD441173C805C00E2CE33 /* Foundation.framework in Frameworks */ = {isa = PBXBuildFile; fileRef = 2A1BD440173C805C00E2CE33 /* Foundation.framework */; };
		2A1BD443173C805C00E2CE33 /* CoreGraphics.framework in Frameworks */ = {isa = PBXBuildFile; fileRef = 2A1BD442173C805C00E2CE33 /* CoreGraphics.framework */; };
		2A1BD445173C805C00E2CE33 /* CoreData.framework in Frameworks */ = {isa = PBXBuildFile; fileRef = 2A1BD444173C805C00E2CE33 /* CoreData.framework */; };
		2A1BD44B173C805C00E2CE33 /* InfoPlist.strings in Resources */ = {isa = PBXBuildFile; fileRef = 2A1BD449173C805C00E2CE33 /* InfoPlist.strings */; };
		2A1BD44D173C805C00E2CE33 /* main.m in Sources */ = {isa = PBXBuildFile; fileRef = 2A1BD44C173C805C00E2CE33 /* main.m */; };
		2A1BD451173C805C00E2CE33 /* AppDelegate.m in Sources */ = {isa = PBXBuildFile; fileRef = 2A1BD450173C805C00E2CE33 /* AppDelegate.m */; };
		2A1BD453173C805C00E2CE33 /* Default.png in Resources */ = {isa = PBXBuildFile; fileRef = 2A1BD452173C805C00E2CE33 /* Default.png */; };
		2A1BD455173C805C00E2CE33 /* Default@2x.png in Resources */ = {isa = PBXBuildFile; fileRef = 2A1BD454173C805C00E2CE33 /* Default@2x.png */; };
		2A1BD457173C805C00E2CE33 /* Default-568h@2x.png in Resources */ = {isa = PBXBuildFile; fileRef = 2A1BD456173C805C00E2CE33 /* Default-568h@2x.png */; };
		2A1BD45A173C805C00E2CE33 /* Paperback_Writer.xcdatamodeld in Sources */ = {isa = PBXBuildFile; fileRef = 2A1BD458173C805C00E2CE33 /* Paperback_Writer.xcdatamodeld */; };
		2A1BD462173C805C00E2CE33 /* SenTestingKit.framework in Frameworks */ = {isa = PBXBuildFile; fileRef = 2A1BD461173C805C00E2CE33 /* SenTestingKit.framework */; };
		2A1BD463173C805C00E2CE33 /* UIKit.framework in Frameworks */ = {isa = PBXBuildFile; fileRef = 2A1BD43E173C805C00E2CE33 /* UIKit.framework */; };
		2A1BD464173C805C00E2CE33 /* Foundation.framework in Frameworks */ = {isa = PBXBuildFile; fileRef = 2A1BD440173C805C00E2CE33 /* Foundation.framework */; };
		2A1BD465173C805C00E2CE33 /* CoreData.framework in Frameworks */ = {isa = PBXBuildFile; fileRef = 2A1BD444173C805C00E2CE33 /* CoreData.framework */; };
		2A1BD46D173C805C00E2CE33 /* InfoPlist.strings in Resources */ = {isa = PBXBuildFile; fileRef = 2A1BD46B173C805C00E2CE33 /* InfoPlist.strings */; };
		2A1BD470173C805C00E2CE33 /* Paperback_WriterTests.m in Sources */ = {isa = PBXBuildFile; fileRef = 2A1BD46F173C805C00E2CE33 /* Paperback_WriterTests.m */; };
		2A1BD483173DBDBF00E2CE33 /* IPadProjectMenuViewController.m in Sources */ = {isa = PBXBuildFile; fileRef = 2A1BD481173DBDBF00E2CE33 /* IPadProjectMenuViewController.m */; };
		2A1BD48D173DDD2B00E2CE33 /* IPadProjectCharacterViewController.m in Sources */ = {isa = PBXBuildFile; fileRef = 2A1BD48B173DDD2B00E2CE33 /* IPadProjectCharacterViewController.m */; };
		2A1BD492173FEC4800E2CE33 /* THGridMenu.m in Sources */ = {isa = PBXBuildFile; fileRef = 2A1BD491173FEC4800E2CE33 /* THGridMenu.m */; };
		2A1BD495173FED8800E2CE33 /* IPadGridRootViewController.m in Sources */ = {isa = PBXBuildFile; fileRef = 2A1BD494173FED8700E2CE33 /* IPadGridRootViewController.m */; };
		2A1BD498173FF66200E2CE33 /* THGridMenuItem.m in Sources */ = {isa = PBXBuildFile; fileRef = 2A1BD497173FF66200E2CE33 /* THGridMenuItem.m */; };
		2A2A8E851742FC5300D00631 /* THGridMenuItem+ProjectItem.m in Sources */ = {isa = PBXBuildFile; fileRef = 2A2A8E841742FC5300D00631 /* THGridMenuItem+ProjectItem.m */; };
		2A2A8E891743047900D00631 /* THGridMenuItem+CharacterItem.m in Sources */ = {isa = PBXBuildFile; fileRef = 2A2A8E881743047900D00631 /* THGridMenuItem+CharacterItem.m */; };
		2A2A8E8D174314E600D00631 /* IPadNewCharacterViewController.m in Sources */ = {isa = PBXBuildFile; fileRef = 2A2A8E8B174314E500D00631 /* IPadNewCharacterViewController.m */; };
		2A2A8E8E174314E600D00631 /* IPadNewCharacterViewController.xib in Resources */ = {isa = PBXBuildFile; fileRef = 2A2A8E8C174314E500D00631 /* IPadNewCharacterViewController.xib */; };
		2A2A8E9117441D3200D00631 /* IPadProjectOutlineTableViewController.m in Sources */ = {isa = PBXBuildFile; fileRef = 2A2A8E9017441D3100D00631 /* IPadProjectOutlineTableViewController.m */; };
		2A2A8E9417441F6100D00631 /* Outline.m in Sources */ = {isa = PBXBuildFile; fileRef = 2A2A8E9317441F6100D00631 /* Outline.m */; };
		2A2A8E9717441F7500D00631 /* Scene.m in Sources */ = {isa = PBXBuildFile; fileRef = 2A2A8E9617441F7400D00631 /* Scene.m */; };
		2A2A8EA017444DE500D00631 /* IPadNewSceneViewController.m in Sources */ = {isa = PBXBuildFile; fileRef = 2A2A8E9E17444DE400D00631 /* IPadNewSceneViewController.m */; };
		2A2A8EA117444DE500D00631 /* IPadNewSceneViewController.xib in Resources */ = {isa = PBXBuildFile; fileRef = 2A2A8E9F17444DE500D00631 /* IPadNewSceneViewController.xib */; };
		2A2A8EAA1744629500D00631 /* IPadProjectSceneTableViewController.m in Sources */ = {isa = PBXBuildFile; fileRef = 2A2A8EA81744629400D00631 /* IPadProjectSceneTableViewController.m */; };
		2A2A8EAB1744629500D00631 /* IPadProjectSceneTableViewController.xib in Resources */ = {isa = PBXBuildFile; fileRef = 2A2A8EA91744629400D00631 /* IPadProjectSceneTableViewController.xib */; };
		2A2A8EAD17456FEE00D00631 /* types.plist in Resources */ = {isa = PBXBuildFile; fileRef = 2A2A8EAC17456FEE00D00631 /* types.plist */; };
		2A2A8EAF1745704D00D00631 /* genres.plist in Resources */ = {isa = PBXBuildFile; fileRef = 2A2A8EAE1745704D00D00631 /* genres.plist */; };
		2A2A8EC817468FB000D00631 /* indicator.png in Resources */ = {isa = PBXBuildFile; fileRef = 2A2A8EC017468FAF00D00631 /* indicator.png */; };
		2A2A8EC917468FB000D00631 /* indicator@2x.png in Resources */ = {isa = PBXBuildFile; fileRef = 2A2A8EC117468FAF00D00631 /* indicator@2x.png */; };
		2A2A8ECA17468FB000D00631 /* left_fade.png in Resources */ = {isa = PBXBuildFile; fileRef = 2A2A8EC217468FAF00D00631 /* left_fade.png */; };
		2A2A8ECB17468FB000D00631 /* left_fade@2x.png in Resources */ = {isa = PBXBuildFile; fileRef = 2A2A8EC317468FB000D00631 /* left_fade@2x.png */; };
		2A2A8ECC17468FB000D00631 /* loopback.png in Resources */ = {isa = PBXBuildFile; fileRef = 2A2A8EC417468FB000D00631 /* loopback.png */; };
		2A2A8ECD17468FB000D00631 /* loopback@2x.png in Resources */ = {isa = PBXBuildFile; fileRef = 2A2A8EC517468FB000D00631 /* loopback@2x.png */; };
		2A2A8ECE17468FB000D00631 /* right_fade.png in Resources */ = {isa = PBXBuildFile; fileRef = 2A2A8EC617468FB000D00631 /* right_fade.png */; };
		2A2A8ECF17468FB000D00631 /* right_fade@2x.png in Resources */ = {isa = PBXBuildFile; fileRef = 2A2A8EC717468FB000D00631 /* right_fade@2x.png */; };
		2AAD4CA21756DF4400484B48 /* NewObjectLabel.m in Sources */ = {isa = PBXBuildFile; fileRef = 2AAD4CA11756DF4400484B48 /* NewObjectLabel.m */; };
		2AAD4CA51756E72D00484B48 /* NewObjectTextField.m in Sources */ = {isa = PBXBuildFile; fileRef = 2AAD4CA41756E72D00484B48 /* NewObjectTextField.m */; };
		2AAD4CA81756E9F500484B48 /* SelectorLabel.m in Sources */ = {isa = PBXBuildFile; fileRef = 2AAD4CA71756E9F500484B48 /* SelectorLabel.m */; };
		2AAD4CAB1756EEC600484B48 /* ProjectPicker.m in Sources */ = {isa = PBXBuildFile; fileRef = 2AAD4CAA1756EEC600484B48 /* ProjectPicker.m */; };
		2AAD4CB2175717A800484B48 /* TDSemiModalViewController.m in Sources */ = {isa = PBXBuildFile; fileRef = 2AAD4CAF175717A800484B48 /* TDSemiModalViewController.m */; };
		2AAD4CB3175717A800484B48 /* UIViewController+TDSemiModalExtension.m in Sources */ = {isa = PBXBuildFile; fileRef = 2AAD4CB1175717A800484B48 /* UIViewController+TDSemiModalExtension.m */; };
		2AAD4CBA1759154A00484B48 /* UIView+THAutoLayout.m in Sources */ = {isa = PBXBuildFile; fileRef = 2AAD4CB91759154A00484B48 /* UIView+THAutoLayout.m */; };
		2AAD4CBC175915C100484B48 /* projectMetrics.plist in Resources */ = {isa = PBXBuildFile; fileRef = 2AAD4CBB175915C100484B48 /* projectMetrics.plist */; };
		2AAD4CBF17593F2200484B48 /* THLabel.m in Sources */ = {isa = PBXBuildFile; fileRef = 2AAD4CBE17593F2200484B48 /* THLabel.m */; };
		2AAD4CEF175BC81900484B48 /* StatBox.m in Sources */ = {isa = PBXBuildFile; fileRef = 2AAD4CEE175BC81800484B48 /* StatBox.m */; };
		2AAD4CF2175C0CA700484B48 /* SceneCell.m in Sources */ = {isa = PBXBuildFile; fileRef = 2AAD4CF1175C0CA600484B48 /* SceneCell.m */; };
		2ACC4ED517405EBB00450083 /* Project.m in Sources */ = {isa = PBXBuildFile; fileRef = 2ACC4ED417405EBB00450083 /* Project.m */; };
		2ACC4ED817405ED100450083 /* Character.m in Sources */ = {isa = PBXBuildFile; fileRef = 2ACC4ED717405ED100450083 /* Character.m */; };
		2ACC4EDC1740812D00450083 /* IPadNewProjectViewController.m in Sources */ = {isa = PBXBuildFile; fileRef = 2ACC4EDA1740812D00450083 /* IPadNewProjectViewController.m */; };
		2ACC4EDD1740812D00450083 /* IPadNewProjectViewController.xib in Resources */ = {isa = PBXBuildFile; fileRef = 2ACC4EDB1740812D00450083 /* IPadNewProjectViewController.xib */; };
		2ACC4EE31742940300450083 /* CHSlideController.m in Sources */ = {isa = PBXBuildFile; fileRef = 2ACC4EE21742940300450083 /* CHSlideController.m */; };
		2ACC4EE61742954A00450083 /* IPadSlideViewController.m in Sources */ = {isa = PBXBuildFile; fileRef = 2ACC4EE51742954A00450083 /* IPadSlideViewController.m */; };
		2ACC4EE91742B99B00450083 /* GlobalProject.m in Sources */ = {isa = PBXBuildFile; fileRef = 2ACC4EE81742B99B00450083 /* GlobalProject.m */; };
		841C92BE67BC411EBD1C9CC3 /* libPods.a in Frameworks */ = {isa = PBXBuildFile; fileRef = 4AFF35916DE34BDD83DCDD2F /* libPods.a */; };
/* End PBXBuildFile section */

/* Begin PBXContainerItemProxy section */
		2A1BD466173C805C00E2CE33 /* PBXContainerItemProxy */ = {
			isa = PBXContainerItemProxy;
			containerPortal = 2A1BD433173C805C00E2CE33 /* Project object */;
			proxyType = 1;
			remoteGlobalIDString = 2A1BD43A173C805C00E2CE33;
			remoteInfo = "Paperback Writer";
		};
/* End PBXContainerItemProxy section */

/* Begin PBXFileReference section */
		2A00E509174D9A7E00C35F14 /* Lato-Bla.ttf */ = {isa = PBXFileReference; lastKnownFileType = file; path = "Lato-Bla.ttf"; sourceTree = "<group>"; };
		2A00E50A174D9A7E00C35F14 /* Lato-BlaIta.ttf */ = {isa = PBXFileReference; lastKnownFileType = file; path = "Lato-BlaIta.ttf"; sourceTree = "<group>"; };
		2A00E50B174D9A7E00C35F14 /* Lato-Bol.ttf */ = {isa = PBXFileReference; lastKnownFileType = file; path = "Lato-Bol.ttf"; sourceTree = "<group>"; };
		2A00E50C174D9A7E00C35F14 /* Lato-BolIta.ttf */ = {isa = PBXFileReference; lastKnownFileType = file; path = "Lato-BolIta.ttf"; sourceTree = "<group>"; };
		2A00E50D174D9A7E00C35F14 /* Lato-Hai.ttf */ = {isa = PBXFileReference; lastKnownFileType = file; path = "Lato-Hai.ttf"; sourceTree = "<group>"; };
		2A00E50E174D9A7E00C35F14 /* Lato-HaiIta.ttf */ = {isa = PBXFileReference; lastKnownFileType = file; path = "Lato-HaiIta.ttf"; sourceTree = "<group>"; };
		2A00E50F174D9A7E00C35F14 /* Lato-Lig.ttf */ = {isa = PBXFileReference; lastKnownFileType = file; path = "Lato-Lig.ttf"; sourceTree = "<group>"; };
		2A00E510174D9A7E00C35F14 /* Lato-LigIta.ttf */ = {isa = PBXFileReference; lastKnownFileType = file; path = "Lato-LigIta.ttf"; sourceTree = "<group>"; };
		2A00E511174D9A7E00C35F14 /* Lato-Reg.ttf */ = {isa = PBXFileReference; lastKnownFileType = file; path = "Lato-Reg.ttf"; sourceTree = "<group>"; };
		2A00E512174D9A7E00C35F14 /* Lato-RegIta.ttf */ = {isa = PBXFileReference; lastKnownFileType = file; path = "Lato-RegIta.ttf"; sourceTree = "<group>"; };
		2A00E51E174D9E2100C35F14 /* UIColor+THColor.h */ = {isa = PBXFileReference; fileEncoding = 4; lastKnownFileType = sourcecode.c.h; path = "UIColor+THColor.h"; sourceTree = "<group>"; };
		2A00E51F174D9E2100C35F14 /* UIColor+THColor.m */ = {isa = PBXFileReference; fileEncoding = 4; lastKnownFileType = sourcecode.c.objc; path = "UIColor+THColor.m"; sourceTree = "<group>"; };
		2A00E523174E69E000C35F14 /* ipad-characters@2x.png */ = {isa = PBXFileReference; lastKnownFileType = image.png; path = "ipad-characters@2x.png"; sourceTree = "<group>"; };
		2A00E524174E69E000C35F14 /* ipad-close@2x.png */ = {isa = PBXFileReference; lastKnownFileType = image.png; path = "ipad-close@2x.png"; sourceTree = "<group>"; };
		2A00E525174E69E000C35F14 /* ipad-delete@2x.png */ = {isa = PBXFileReference; lastKnownFileType = image.png; path = "ipad-delete@2x.png"; sourceTree = "<group>"; };
		2A00E526174E69E000C35F14 /* ipad-info@2x.png */ = {isa = PBXFileReference; lastKnownFileType = image.png; path = "ipad-info@2x.png"; sourceTree = "<group>"; };
		2A00E527174E69E000C35F14 /* ipad-outline@2x.png */ = {isa = PBXFileReference; lastKnownFileType = image.png; path = "ipad-outline@2x.png"; sourceTree = "<group>"; };
		2A00E528174E69E000C35F14 /* ipad-research@2x.png */ = {isa = PBXFileReference; lastKnownFileType = image.png; path = "ipad-research@2x.png"; sourceTree = "<group>"; };
		2A00E532174E6CEE00C35F14 /* ProjectButton.h */ = {isa = PBXFileReference; fileEncoding = 4; lastKnownFileType = sourcecode.c.h; path = ProjectButton.h; sourceTree = "<group>"; };
		2A00E533174E6CEE00C35F14 /* ProjectButton.m */ = {isa = PBXFileReference; fileEncoding = 4; lastKnownFileType = sourcecode.c.objc; path = ProjectButton.m; sourceTree = "<group>"; };
		2A00E535174E7E0500C35F14 /* ipad-outline2@2x.png */ = {isa = PBXFileReference; lastKnownFileType = image.png; path = "ipad-outline2@2x.png"; sourceTree = "<group>"; };
		2A00E537174EC5B300C35F14 /* IPadProjectInformationViewController.h */ = {isa = PBXFileReference; fileEncoding = 4; lastKnownFileType = sourcecode.c.h; path = IPadProjectInformationViewController.h; sourceTree = "<group>"; };
		2A00E538174EC5B300C35F14 /* IPadProjectInformationViewController.m */ = {isa = PBXFileReference; fileEncoding = 4; lastKnownFileType = sourcecode.c.objc; path = IPadProjectInformationViewController.m; sourceTree = "<group>"; };
		2A00E53A174FCE7B00C35F14 /* THUtil.h */ = {isa = PBXFileReference; fileEncoding = 4; lastKnownFileType = sourcecode.c.h; path = THUtil.h; sourceTree = "<group>"; };
		2A00E53B174FCE7B00C35F14 /* THUtil.m */ = {isa = PBXFileReference; fileEncoding = 4; lastKnownFileType = sourcecode.c.objc; path = THUtil.m; sourceTree = "<group>"; };
		2A00E53D175646FB00C35F14 /* IPadProjectNewViewController.h */ = {isa = PBXFileReference; fileEncoding = 4; lastKnownFileType = sourcecode.c.h; path = IPadProjectNewViewController.h; sourceTree = "<group>"; };
		2A00E53E175646FC00C35F14 /* IPadProjectNewViewController.m */ = {isa = PBXFileReference; fileEncoding = 4; lastKnownFileType = sourcecode.c.objc; path = IPadProjectNewViewController.m; sourceTree = "<group>"; };
		2A1BD43B173C805C00E2CE33 /* Paperback Writer.app */ = {isa = PBXFileReference; explicitFileType = wrapper.application; includeInIndex = 0; path = "Paperback Writer.app"; sourceTree = BUILT_PRODUCTS_DIR; };
		2A1BD43E173C805C00E2CE33 /* UIKit.framework */ = {isa = PBXFileReference; lastKnownFileType = wrapper.framework; name = UIKit.framework; path = System/Library/Frameworks/UIKit.framework; sourceTree = SDKROOT; };
		2A1BD440173C805C00E2CE33 /* Foundation.framework */ = {isa = PBXFileReference; lastKnownFileType = wrapper.framework; name = Foundation.framework; path = System/Library/Frameworks/Foundation.framework; sourceTree = SDKROOT; };
		2A1BD442173C805C00E2CE33 /* CoreGraphics.framework */ = {isa = PBXFileReference; lastKnownFileType = wrapper.framework; name = CoreGraphics.framework; path = System/Library/Frameworks/CoreGraphics.framework; sourceTree = SDKROOT; };
		2A1BD444173C805C00E2CE33 /* CoreData.framework */ = {isa = PBXFileReference; lastKnownFileType = wrapper.framework; name = CoreData.framework; path = System/Library/Frameworks/CoreData.framework; sourceTree = SDKROOT; };
		2A1BD448173C805C00E2CE33 /* Paperback Writer-Info.plist */ = {isa = PBXFileReference; lastKnownFileType = text.plist.xml; path = "Paperback Writer-Info.plist"; sourceTree = "<group>"; };
		2A1BD44A173C805C00E2CE33 /* en */ = {isa = PBXFileReference; lastKnownFileType = text.plist.strings; name = en; path = en.lproj/InfoPlist.strings; sourceTree = "<group>"; };
		2A1BD44C173C805C00E2CE33 /* main.m */ = {isa = PBXFileReference; lastKnownFileType = sourcecode.c.objc; path = main.m; sourceTree = "<group>"; };
		2A1BD44E173C805C00E2CE33 /* Paperback Writer-Prefix.pch */ = {isa = PBXFileReference; lastKnownFileType = sourcecode.c.h; path = "Paperback Writer-Prefix.pch"; sourceTree = "<group>"; };
		2A1BD44F173C805C00E2CE33 /* AppDelegate.h */ = {isa = PBXFileReference; lastKnownFileType = sourcecode.c.h; path = AppDelegate.h; sourceTree = "<group>"; };
		2A1BD450173C805C00E2CE33 /* AppDelegate.m */ = {isa = PBXFileReference; lastKnownFileType = sourcecode.c.objc; path = AppDelegate.m; sourceTree = "<group>"; };
		2A1BD452173C805C00E2CE33 /* Default.png */ = {isa = PBXFileReference; lastKnownFileType = image.png; path = Default.png; sourceTree = "<group>"; };
		2A1BD454173C805C00E2CE33 /* Default@2x.png */ = {isa = PBXFileReference; lastKnownFileType = image.png; path = "Default@2x.png"; sourceTree = "<group>"; };
		2A1BD456173C805C00E2CE33 /* Default-568h@2x.png */ = {isa = PBXFileReference; lastKnownFileType = image.png; path = "Default-568h@2x.png"; sourceTree = "<group>"; };
		2A1BD459173C805C00E2CE33 /* Paperback_Writer.xcdatamodel */ = {isa = PBXFileReference; lastKnownFileType = wrapper.xcdatamodel; path = Paperback_Writer.xcdatamodel; sourceTree = "<group>"; };
		2A1BD460173C805C00E2CE33 /* Paperback WriterTests.octest */ = {isa = PBXFileReference; explicitFileType = wrapper.cfbundle; includeInIndex = 0; path = "Paperback WriterTests.octest"; sourceTree = BUILT_PRODUCTS_DIR; };
		2A1BD461173C805C00E2CE33 /* SenTestingKit.framework */ = {isa = PBXFileReference; lastKnownFileType = wrapper.framework; name = SenTestingKit.framework; path = Library/Frameworks/SenTestingKit.framework; sourceTree = DEVELOPER_DIR; };
		2A1BD46A173C805C00E2CE33 /* Paperback WriterTests-Info.plist */ = {isa = PBXFileReference; lastKnownFileType = text.plist.xml; path = "Paperback WriterTests-Info.plist"; sourceTree = "<group>"; };
		2A1BD46C173C805C00E2CE33 /* en */ = {isa = PBXFileReference; lastKnownFileType = text.plist.strings; name = en; path = en.lproj/InfoPlist.strings; sourceTree = "<group>"; };
		2A1BD46E173C805C00E2CE33 /* Paperback_WriterTests.h */ = {isa = PBXFileReference; lastKnownFileType = sourcecode.c.h; path = Paperback_WriterTests.h; sourceTree = "<group>"; };
		2A1BD46F173C805C00E2CE33 /* Paperback_WriterTests.m */ = {isa = PBXFileReference; lastKnownFileType = sourcecode.c.objc; path = Paperback_WriterTests.m; sourceTree = "<group>"; };
		2A1BD480173DBDBF00E2CE33 /* IPadProjectMenuViewController.h */ = {isa = PBXFileReference; fileEncoding = 4; lastKnownFileType = sourcecode.c.h; path = IPadProjectMenuViewController.h; sourceTree = "<group>"; };
		2A1BD481173DBDBF00E2CE33 /* IPadProjectMenuViewController.m */ = {isa = PBXFileReference; fileEncoding = 4; lastKnownFileType = sourcecode.c.objc; path = IPadProjectMenuViewController.m; sourceTree = "<group>"; };
		2A1BD48A173DDD2B00E2CE33 /* IPadProjectCharacterViewController.h */ = {isa = PBXFileReference; fileEncoding = 4; lastKnownFileType = sourcecode.c.h; path = IPadProjectCharacterViewController.h; sourceTree = "<group>"; };
		2A1BD48B173DDD2B00E2CE33 /* IPadProjectCharacterViewController.m */ = {isa = PBXFileReference; fileEncoding = 4; lastKnownFileType = sourcecode.c.objc; path = IPadProjectCharacterViewController.m; sourceTree = "<group>"; };
		2A1BD490173FEC4800E2CE33 /* THGridMenu.h */ = {isa = PBXFileReference; fileEncoding = 4; lastKnownFileType = sourcecode.c.h; path = THGridMenu.h; sourceTree = "<group>"; };
		2A1BD491173FEC4800E2CE33 /* THGridMenu.m */ = {isa = PBXFileReference; fileEncoding = 4; lastKnownFileType = sourcecode.c.objc; path = THGridMenu.m; sourceTree = "<group>"; };
		2A1BD493173FED8700E2CE33 /* IPadGridRootViewController.h */ = {isa = PBXFileReference; fileEncoding = 4; lastKnownFileType = sourcecode.c.h; path = IPadGridRootViewController.h; sourceTree = "<group>"; };
		2A1BD494173FED8700E2CE33 /* IPadGridRootViewController.m */ = {isa = PBXFileReference; fileEncoding = 4; lastKnownFileType = sourcecode.c.objc; path = IPadGridRootViewController.m; sourceTree = "<group>"; };
		2A1BD496173FF66200E2CE33 /* THGridMenuItem.h */ = {isa = PBXFileReference; fileEncoding = 4; lastKnownFileType = sourcecode.c.h; path = THGridMenuItem.h; sourceTree = "<group>"; };
		2A1BD497173FF66200E2CE33 /* THGridMenuItem.m */ = {isa = PBXFileReference; fileEncoding = 4; lastKnownFileType = sourcecode.c.objc; path = THGridMenuItem.m; sourceTree = "<group>"; };
		2A2A8E831742FC5300D00631 /* THGridMenuItem+ProjectItem.h */ = {isa = PBXFileReference; fileEncoding = 4; lastKnownFileType = sourcecode.c.h; path = "THGridMenuItem+ProjectItem.h"; sourceTree = "<group>"; };
		2A2A8E841742FC5300D00631 /* THGridMenuItem+ProjectItem.m */ = {isa = PBXFileReference; fileEncoding = 4; lastKnownFileType = sourcecode.c.objc; path = "THGridMenuItem+ProjectItem.m"; sourceTree = "<group>"; };
		2A2A8E871743047900D00631 /* THGridMenuItem+CharacterItem.h */ = {isa = PBXFileReference; fileEncoding = 4; lastKnownFileType = sourcecode.c.h; path = "THGridMenuItem+CharacterItem.h"; sourceTree = "<group>"; };
		2A2A8E881743047900D00631 /* THGridMenuItem+CharacterItem.m */ = {isa = PBXFileReference; fileEncoding = 4; lastKnownFileType = sourcecode.c.objc; path = "THGridMenuItem+CharacterItem.m"; sourceTree = "<group>"; };
		2A2A8E8A174314E500D00631 /* IPadNewCharacterViewController.h */ = {isa = PBXFileReference; fileEncoding = 4; lastKnownFileType = sourcecode.c.h; path = IPadNewCharacterViewController.h; sourceTree = "<group>"; };
		2A2A8E8B174314E500D00631 /* IPadNewCharacterViewController.m */ = {isa = PBXFileReference; fileEncoding = 4; lastKnownFileType = sourcecode.c.objc; path = IPadNewCharacterViewController.m; sourceTree = "<group>"; };
		2A2A8E8C174314E500D00631 /* IPadNewCharacterViewController.xib */ = {isa = PBXFileReference; fileEncoding = 4; lastKnownFileType = file.xib; path = IPadNewCharacterViewController.xib; sourceTree = "<group>"; };
		2A2A8E8F17441D3100D00631 /* IPadProjectOutlineTableViewController.h */ = {isa = PBXFileReference; fileEncoding = 4; lastKnownFileType = sourcecode.c.h; path = IPadProjectOutlineTableViewController.h; sourceTree = "<group>"; };
		2A2A8E9017441D3100D00631 /* IPadProjectOutlineTableViewController.m */ = {isa = PBXFileReference; fileEncoding = 4; lastKnownFileType = sourcecode.c.objc; path = IPadProjectOutlineTableViewController.m; sourceTree = "<group>"; };
		2A2A8E9217441F6000D00631 /* Outline.h */ = {isa = PBXFileReference; fileEncoding = 4; lastKnownFileType = sourcecode.c.h; path = Outline.h; sourceTree = "<group>"; };
		2A2A8E9317441F6100D00631 /* Outline.m */ = {isa = PBXFileReference; fileEncoding = 4; lastKnownFileType = sourcecode.c.objc; path = Outline.m; sourceTree = "<group>"; };
		2A2A8E9517441F7400D00631 /* Scene.h */ = {isa = PBXFileReference; fileEncoding = 4; lastKnownFileType = sourcecode.c.h; path = Scene.h; sourceTree = "<group>"; };
		2A2A8E9617441F7400D00631 /* Scene.m */ = {isa = PBXFileReference; fileEncoding = 4; lastKnownFileType = sourcecode.c.objc; path = Scene.m; sourceTree = "<group>"; };
		2A2A8E9D17444DE400D00631 /* IPadNewSceneViewController.h */ = {isa = PBXFileReference; fileEncoding = 4; lastKnownFileType = sourcecode.c.h; path = IPadNewSceneViewController.h; sourceTree = "<group>"; };
		2A2A8E9E17444DE400D00631 /* IPadNewSceneViewController.m */ = {isa = PBXFileReference; fileEncoding = 4; lastKnownFileType = sourcecode.c.objc; path = IPadNewSceneViewController.m; sourceTree = "<group>"; };
		2A2A8E9F17444DE500D00631 /* IPadNewSceneViewController.xib */ = {isa = PBXFileReference; fileEncoding = 4; lastKnownFileType = file.xib; path = IPadNewSceneViewController.xib; sourceTree = "<group>"; };
		2A2A8EA71744629400D00631 /* IPadProjectSceneTableViewController.h */ = {isa = PBXFileReference; fileEncoding = 4; lastKnownFileType = sourcecode.c.h; path = IPadProjectSceneTableViewController.h; sourceTree = "<group>"; };
		2A2A8EA81744629400D00631 /* IPadProjectSceneTableViewController.m */ = {isa = PBXFileReference; fileEncoding = 4; lastKnownFileType = sourcecode.c.objc; path = IPadProjectSceneTableViewController.m; sourceTree = "<group>"; };
		2A2A8EA91744629400D00631 /* IPadProjectSceneTableViewController.xib */ = {isa = PBXFileReference; fileEncoding = 4; lastKnownFileType = file.xib; path = IPadProjectSceneTableViewController.xib; sourceTree = "<group>"; };
		2A2A8EAC17456FEE00D00631 /* types.plist */ = {isa = PBXFileReference; fileEncoding = 4; lastKnownFileType = text.plist.xml; path = types.plist; sourceTree = "<group>"; };
		2A2A8EAE1745704D00D00631 /* genres.plist */ = {isa = PBXFileReference; fileEncoding = 4; lastKnownFileType = text.plist.xml; path = genres.plist; sourceTree = "<group>"; };
		2A2A8EC017468FAF00D00631 /* indicator.png */ = {isa = PBXFileReference; lastKnownFileType = image.png; path = indicator.png; sourceTree = "<group>"; };
		2A2A8EC117468FAF00D00631 /* indicator@2x.png */ = {isa = PBXFileReference; lastKnownFileType = image.png; path = "indicator@2x.png"; sourceTree = "<group>"; };
		2A2A8EC217468FAF00D00631 /* left_fade.png */ = {isa = PBXFileReference; lastKnownFileType = image.png; path = left_fade.png; sourceTree = "<group>"; };
		2A2A8EC317468FB000D00631 /* left_fade@2x.png */ = {isa = PBXFileReference; lastKnownFileType = image.png; path = "left_fade@2x.png"; sourceTree = "<group>"; };
		2A2A8EC417468FB000D00631 /* loopback.png */ = {isa = PBXFileReference; lastKnownFileType = image.png; path = loopback.png; sourceTree = "<group>"; };
		2A2A8EC517468FB000D00631 /* loopback@2x.png */ = {isa = PBXFileReference; lastKnownFileType = image.png; path = "loopback@2x.png"; sourceTree = "<group>"; };
		2A2A8EC617468FB000D00631 /* right_fade.png */ = {isa = PBXFileReference; lastKnownFileType = image.png; path = right_fade.png; sourceTree = "<group>"; };
		2A2A8EC717468FB000D00631 /* right_fade@2x.png */ = {isa = PBXFileReference; lastKnownFileType = image.png; path = "right_fade@2x.png"; sourceTree = "<group>"; };
		2AAD4CA01756DF4400484B48 /* NewObjectLabel.h */ = {isa = PBXFileReference; fileEncoding = 4; lastKnownFileType = sourcecode.c.h; path = NewObjectLabel.h; sourceTree = "<group>"; };
		2AAD4CA11756DF4400484B48 /* NewObjectLabel.m */ = {isa = PBXFileReference; fileEncoding = 4; lastKnownFileType = sourcecode.c.objc; path = NewObjectLabel.m; sourceTree = "<group>"; };
		2AAD4CA31756E72D00484B48 /* NewObjectTextField.h */ = {isa = PBXFileReference; fileEncoding = 4; lastKnownFileType = sourcecode.c.h; path = NewObjectTextField.h; sourceTree = "<group>"; };
		2AAD4CA41756E72D00484B48 /* NewObjectTextField.m */ = {isa = PBXFileReference; fileEncoding = 4; lastKnownFileType = sourcecode.c.objc; path = NewObjectTextField.m; sourceTree = "<group>"; };
		2AAD4CA61756E9F500484B48 /* SelectorLabel.h */ = {isa = PBXFileReference; fileEncoding = 4; lastKnownFileType = sourcecode.c.h; path = SelectorLabel.h; sourceTree = "<group>"; };
		2AAD4CA71756E9F500484B48 /* SelectorLabel.m */ = {isa = PBXFileReference; fileEncoding = 4; lastKnownFileType = sourcecode.c.objc; path = SelectorLabel.m; sourceTree = "<group>"; };
		2AAD4CA91756EEC600484B48 /* ProjectPicker.h */ = {isa = PBXFileReference; fileEncoding = 4; lastKnownFileType = sourcecode.c.h; path = ProjectPicker.h; sourceTree = "<group>"; };
		2AAD4CAA1756EEC600484B48 /* ProjectPicker.m */ = {isa = PBXFileReference; fileEncoding = 4; lastKnownFileType = sourcecode.c.objc; path = ProjectPicker.m; sourceTree = "<group>"; };
		2AAD4CAD175717A800484B48 /* TDSemiModal.h */ = {isa = PBXFileReference; fileEncoding = 4; lastKnownFileType = sourcecode.c.h; path = TDSemiModal.h; sourceTree = "<group>"; };
		2AAD4CAE175717A800484B48 /* TDSemiModalViewController.h */ = {isa = PBXFileReference; fileEncoding = 4; lastKnownFileType = sourcecode.c.h; path = TDSemiModalViewController.h; sourceTree = "<group>"; };
		2AAD4CAF175717A800484B48 /* TDSemiModalViewController.m */ = {isa = PBXFileReference; fileEncoding = 4; lastKnownFileType = sourcecode.c.objc; path = TDSemiModalViewController.m; sourceTree = "<group>"; };
		2AAD4CB0175717A800484B48 /* UIViewController+TDSemiModalExtension.h */ = {isa = PBXFileReference; fileEncoding = 4; lastKnownFileType = sourcecode.c.h; path = "UIViewController+TDSemiModalExtension.h"; sourceTree = "<group>"; };
		2AAD4CB1175717A800484B48 /* UIViewController+TDSemiModalExtension.m */ = {isa = PBXFileReference; fileEncoding = 4; lastKnownFileType = sourcecode.c.objc; path = "UIViewController+TDSemiModalExtension.m"; sourceTree = "<group>"; };
		2AAD4CB81759154A00484B48 /* UIView+THAutoLayout.h */ = {isa = PBXFileReference; fileEncoding = 4; lastKnownFileType = sourcecode.c.h; path = "UIView+THAutoLayout.h"; sourceTree = "<group>"; };
		2AAD4CB91759154A00484B48 /* UIView+THAutoLayout.m */ = {isa = PBXFileReference; fileEncoding = 4; lastKnownFileType = sourcecode.c.objc; path = "UIView+THAutoLayout.m"; sourceTree = "<group>"; };
		2AAD4CBB175915C100484B48 /* projectMetrics.plist */ = {isa = PBXFileReference; fileEncoding = 4; lastKnownFileType = text.plist.xml; path = projectMetrics.plist; sourceTree = "<group>"; };
		2AAD4CBD17593F2200484B48 /* THLabel.h */ = {isa = PBXFileReference; fileEncoding = 4; lastKnownFileType = sourcecode.c.h; path = THLabel.h; sourceTree = "<group>"; };
		2AAD4CBE17593F2200484B48 /* THLabel.m */ = {isa = PBXFileReference; fileEncoding = 4; lastKnownFileType = sourcecode.c.objc; path = THLabel.m; sourceTree = "<group>"; };
		2AAD4CED175BC81700484B48 /* StatBox.h */ = {isa = PBXFileReference; fileEncoding = 4; lastKnownFileType = sourcecode.c.h; path = StatBox.h; sourceTree = "<group>"; };
		2AAD4CEE175BC81800484B48 /* StatBox.m */ = {isa = PBXFileReference; fileEncoding = 4; lastKnownFileType = sourcecode.c.objc; path = StatBox.m; sourceTree = "<group>"; };
		2AAD4CF0175C0CA500484B48 /* SceneCell.h */ = {isa = PBXFileReference; fileEncoding = 4; lastKnownFileType = sourcecode.c.h; path = SceneCell.h; sourceTree = "<group>"; };
		2AAD4CF1175C0CA600484B48 /* SceneCell.m */ = {isa = PBXFileReference; fileEncoding = 4; lastKnownFileType = sourcecode.c.objc; path = SceneCell.m; sourceTree = "<group>"; };
		2ACC4ED317405EBB00450083 /* Project.h */ = {isa = PBXFileReference; fileEncoding = 4; lastKnownFileType = sourcecode.c.h; path = Project.h; sourceTree = "<group>"; };
		2ACC4ED417405EBB00450083 /* Project.m */ = {isa = PBXFileReference; fileEncoding = 4; lastKnownFileType = sourcecode.c.objc; path = Project.m; sourceTree = "<group>"; };
		2ACC4ED617405ED100450083 /* Character.h */ = {isa = PBXFileReference; fileEncoding = 4; lastKnownFileType = sourcecode.c.h; path = Character.h; sourceTree = "<group>"; };
		2ACC4ED717405ED100450083 /* Character.m */ = {isa = PBXFileReference; fileEncoding = 4; lastKnownFileType = sourcecode.c.objc; path = Character.m; sourceTree = "<group>"; };
		2ACC4ED91740812D00450083 /* IPadNewProjectViewController.h */ = {isa = PBXFileReference; fileEncoding = 4; lastKnownFileType = sourcecode.c.h; path = IPadNewProjectViewController.h; sourceTree = "<group>"; };
		2ACC4EDA1740812D00450083 /* IPadNewProjectViewController.m */ = {isa = PBXFileReference; fileEncoding = 4; lastKnownFileType = sourcecode.c.objc; path = IPadNewProjectViewController.m; sourceTree = "<group>"; };
		2ACC4EDB1740812D00450083 /* IPadNewProjectViewController.xib */ = {isa = PBXFileReference; fileEncoding = 4; lastKnownFileType = file.xib; path = IPadNewProjectViewController.xib; sourceTree = "<group>"; };
		2ACC4EE11742940300450083 /* CHSlideController.h */ = {isa = PBXFileReference; fileEncoding = 4; lastKnownFileType = sourcecode.c.h; path = CHSlideController.h; sourceTree = "<group>"; };
		2ACC4EE21742940300450083 /* CHSlideController.m */ = {isa = PBXFileReference; fileEncoding = 4; lastKnownFileType = sourcecode.c.objc; path = CHSlideController.m; sourceTree = "<group>"; };
		2ACC4EE41742954A00450083 /* IPadSlideViewController.h */ = {isa = PBXFileReference; fileEncoding = 4; lastKnownFileType = sourcecode.c.h; path = IPadSlideViewController.h; sourceTree = "<group>"; };
		2ACC4EE51742954A00450083 /* IPadSlideViewController.m */ = {isa = PBXFileReference; fileEncoding = 4; lastKnownFileType = sourcecode.c.objc; path = IPadSlideViewController.m; sourceTree = "<group>"; };
		2ACC4EE71742B99A00450083 /* GlobalProject.h */ = {isa = PBXFileReference; fileEncoding = 4; lastKnownFileType = sourcecode.c.h; path = GlobalProject.h; sourceTree = "<group>"; };
		2ACC4EE81742B99B00450083 /* GlobalProject.m */ = {isa = PBXFileReference; fileEncoding = 4; lastKnownFileType = sourcecode.c.objc; path = GlobalProject.m; sourceTree = "<group>"; };
		4AFF35916DE34BDD83DCDD2F /* libPods.a */ = {isa = PBXFileReference; explicitFileType = archive.ar; includeInIndex = 0; path = libPods.a; sourceTree = BUILT_PRODUCTS_DIR; };
		E773249B58D44E748CDAC730 /* Pods.xcconfig */ = {isa = PBXFileReference; includeInIndex = 1; lastKnownFileType = text.xcconfig; name = Pods.xcconfig; path = Pods/Pods.xcconfig; sourceTree = SOURCE_ROOT; };
/* End PBXFileReference section */

/* Begin PBXFrameworksBuildPhase section */
		2A1BD438173C805C00E2CE33 /* Frameworks */ = {
			isa = PBXFrameworksBuildPhase;
			buildActionMask = 2147483647;
			files = (
				2A1BD43F173C805C00E2CE33 /* UIKit.framework in Frameworks */,
				2A1BD441173C805C00E2CE33 /* Foundation.framework in Frameworks */,
				2A1BD443173C805C00E2CE33 /* CoreGraphics.framework in Frameworks */,
				2A1BD445173C805C00E2CE33 /* CoreData.framework in Frameworks */,
				841C92BE67BC411EBD1C9CC3 /* libPods.a in Frameworks */,
			);
			runOnlyForDeploymentPostprocessing = 0;
		};
		2A1BD45C173C805C00E2CE33 /* Frameworks */ = {
			isa = PBXFrameworksBuildPhase;
			buildActionMask = 2147483647;
			files = (
				2A1BD462173C805C00E2CE33 /* SenTestingKit.framework in Frameworks */,
				2A1BD463173C805C00E2CE33 /* UIKit.framework in Frameworks */,
				2A1BD464173C805C00E2CE33 /* Foundation.framework in Frameworks */,
				2A1BD465173C805C00E2CE33 /* CoreData.framework in Frameworks */,
			);
			runOnlyForDeploymentPostprocessing = 0;
		};
/* End PBXFrameworksBuildPhase section */

/* Begin PBXGroup section */
		2A00E51D174D9E0C00C35F14 /* THColor */ = {
			isa = PBXGroup;
			children = (
				2A00E51E174D9E2100C35F14 /* UIColor+THColor.h */,
				2A00E51F174D9E2100C35F14 /* UIColor+THColor.m */,
			);
			name = THColor;
			sourceTree = "<group>";
		};
		2A00E522174E699900C35F14 /* Images */ = {
			isa = PBXGroup;
			children = (
				2A00E535174E7E0500C35F14 /* ipad-outline2@2x.png */,
				2A00E523174E69E000C35F14 /* ipad-characters@2x.png */,
				2A00E524174E69E000C35F14 /* ipad-close@2x.png */,
				2A00E525174E69E000C35F14 /* ipad-delete@2x.png */,
				2A00E526174E69E000C35F14 /* ipad-info@2x.png */,
				2A00E527174E69E000C35F14 /* ipad-outline@2x.png */,
				2A00E528174E69E000C35F14 /* ipad-research@2x.png */,
			);
			name = Images;
			sourceTree = "<group>";
		};
		2A00E52F174E69FF00C35F14 /* CoreData */ = {
			isa = PBXGroup;
			children = (
				2A1BD458173C805C00E2CE33 /* Paperback_Writer.xcdatamodeld */,
				2A2A8E9517441F7400D00631 /* Scene.h */,
				2A2A8E9617441F7400D00631 /* Scene.m */,
				2A2A8E9217441F6000D00631 /* Outline.h */,
				2A2A8E9317441F6100D00631 /* Outline.m */,
				2ACC4ED317405EBB00450083 /* Project.h */,
				2ACC4ED417405EBB00450083 /* Project.m */,
				2ACC4ED617405ED100450083 /* Character.h */,
				2ACC4ED717405ED100450083 /* Character.m */,
			);
			name = CoreData;
			sourceTree = "<group>";
		};
		2A1BD432173C805C00E2CE33 = {
			isa = PBXGroup;
			children = (
				2A1BD446173C805C00E2CE33 /* Paperback Writer */,
				2A1BD468173C805C00E2CE33 /* Paperback WriterTests */,
				2A1BD43D173C805C00E2CE33 /* Frameworks */,
				2A1BD43C173C805C00E2CE33 /* Products */,
				E773249B58D44E748CDAC730 /* Pods.xcconfig */,
			);
			sourceTree = "<group>";
		};
		2A1BD43C173C805C00E2CE33 /* Products */ = {
			isa = PBXGroup;
			children = (
				2A1BD43B173C805C00E2CE33 /* Paperback Writer.app */,
				2A1BD460173C805C00E2CE33 /* Paperback WriterTests.octest */,
			);
			name = Products;
			sourceTree = "<group>";
		};
		2A1BD43D173C805C00E2CE33 /* Frameworks */ = {
			isa = PBXGroup;
			children = (
				2A1BD43E173C805C00E2CE33 /* UIKit.framework */,
				2A1BD440173C805C00E2CE33 /* Foundation.framework */,
				2A1BD442173C805C00E2CE33 /* CoreGraphics.framework */,
				2A1BD444173C805C00E2CE33 /* CoreData.framework */,
				2A1BD461173C805C00E2CE33 /* SenTestingKit.framework */,
				4AFF35916DE34BDD83DCDD2F /* libPods.a */,
			);
			name = Frameworks;
			sourceTree = "<group>";
		};
		2A1BD446173C805C00E2CE33 /* Paperback Writer */ = {
			isa = PBXGroup;
			children = (
				2AAD4CB7175914EF00484B48 /* THAutoLayout */,
				2AAD4CAC1757175E00484B48 /* TDSemiModal */,
				2AAD4C9F1756DEB700484B48 /* CustomViewElements */,
				2A00E52F174E69FF00C35F14 /* CoreData */,
				2A00E522174E699900C35F14 /* Images */,
				2A00E51D174D9E0C00C35F14 /* THColor */,
				2ACC4EE0174293CE00450083 /* CHSlideController */,
				2A1BD48F173FEBFA00E2CE33 /* THGridMenu */,
				2A1BD47A173DBBB700E2CE33 /* IPadViewControllers */,
				2A1BD44F173C805C00E2CE33 /* AppDelegate.h */,
				2A1BD450173C805C00E2CE33 /* AppDelegate.m */,
				2A1BD447173C805C00E2CE33 /* Supporting Files */,
				2ACC4EE71742B99A00450083 /* GlobalProject.h */,
				2ACC4EE81742B99B00450083 /* GlobalProject.m */,
				2A2A8E831742FC5300D00631 /* THGridMenuItem+ProjectItem.h */,
				2A2A8E841742FC5300D00631 /* THGridMenuItem+ProjectItem.m */,
				2A2A8E871743047900D00631 /* THGridMenuItem+CharacterItem.h */,
				2A2A8E881743047900D00631 /* THGridMenuItem+CharacterItem.m */,
				2A00E53A174FCE7B00C35F14 /* THUtil.h */,
				2A00E53B174FCE7B00C35F14 /* THUtil.m */,
			);
			path = "Paperback Writer";
			sourceTree = "<group>";
		};
		2A1BD447173C805C00E2CE33 /* Supporting Files */ = {
			isa = PBXGroup;
			children = (
				2A00E509174D9A7E00C35F14 /* Lato-Bla.ttf */,
				2A00E50A174D9A7E00C35F14 /* Lato-BlaIta.ttf */,
				2A00E50B174D9A7E00C35F14 /* Lato-Bol.ttf */,
				2A00E50C174D9A7E00C35F14 /* Lato-BolIta.ttf */,
				2A00E50D174D9A7E00C35F14 /* Lato-Hai.ttf */,
				2A00E50E174D9A7E00C35F14 /* Lato-HaiIta.ttf */,
				2A00E50F174D9A7E00C35F14 /* Lato-Lig.ttf */,
				2A00E510174D9A7E00C35F14 /* Lato-LigIta.ttf */,
				2A00E511174D9A7E00C35F14 /* Lato-Reg.ttf */,
				2A00E512174D9A7E00C35F14 /* Lato-RegIta.ttf */,
				2A2A8EC017468FAF00D00631 /* indicator.png */,
				2A2A8EC117468FAF00D00631 /* indicator@2x.png */,
				2A2A8EC217468FAF00D00631 /* left_fade.png */,
				2A2A8EC317468FB000D00631 /* left_fade@2x.png */,
				2A2A8EC417468FB000D00631 /* loopback.png */,
				2A2A8EC517468FB000D00631 /* loopback@2x.png */,
				2A2A8EC617468FB000D00631 /* right_fade.png */,
				2A2A8EC717468FB000D00631 /* right_fade@2x.png */,
				2A1BD448173C805C00E2CE33 /* Paperback Writer-Info.plist */,
				2A1BD449173C805C00E2CE33 /* InfoPlist.strings */,
				2A1BD44C173C805C00E2CE33 /* main.m */,
				2A1BD44E173C805C00E2CE33 /* Paperback Writer-Prefix.pch */,
				2A1BD452173C805C00E2CE33 /* Default.png */,
				2A1BD454173C805C00E2CE33 /* Default@2x.png */,
				2A1BD456173C805C00E2CE33 /* Default-568h@2x.png */,
				2A2A8EAC17456FEE00D00631 /* types.plist */,
				2A2A8EAE1745704D00D00631 /* genres.plist */,
			);
			name = "Supporting Files";
			sourceTree = "<group>";
		};
		2A1BD468173C805C00E2CE33 /* Paperback WriterTests */ = {
			isa = PBXGroup;
			children = (
				2A1BD46E173C805C00E2CE33 /* Paperback_WriterTests.h */,
				2A1BD46F173C805C00E2CE33 /* Paperback_WriterTests.m */,
				2A1BD469173C805C00E2CE33 /* Supporting Files */,
			);
			path = "Paperback WriterTests";
			sourceTree = "<group>";
		};
		2A1BD469173C805C00E2CE33 /* Supporting Files */ = {
			isa = PBXGroup;
			children = (
				2A1BD46A173C805C00E2CE33 /* Paperback WriterTests-Info.plist */,
				2A1BD46B173C805C00E2CE33 /* InfoPlist.strings */,
			);
			name = "Supporting Files";
			sourceTree = "<group>";
		};
		2A1BD47A173DBBB700E2CE33 /* IPadViewControllers */ = {
			isa = PBXGroup;
			children = (
				2A00E537174EC5B300C35F14 /* IPadProjectInformationViewController.h */,
				2A00E538174EC5B300C35F14 /* IPadProjectInformationViewController.m */,
				2A1BD480173DBDBF00E2CE33 /* IPadProjectMenuViewController.h */,
				2A1BD481173DBDBF00E2CE33 /* IPadProjectMenuViewController.m */,
				2A1BD48A173DDD2B00E2CE33 /* IPadProjectCharacterViewController.h */,
				2A1BD48B173DDD2B00E2CE33 /* IPadProjectCharacterViewController.m */,
				2A1BD493173FED8700E2CE33 /* IPadGridRootViewController.h */,
				2A1BD494173FED8700E2CE33 /* IPadGridRootViewController.m */,
				2ACC4ED91740812D00450083 /* IPadNewProjectViewController.h */,
				2ACC4EDA1740812D00450083 /* IPadNewProjectViewController.m */,
				2ACC4EDB1740812D00450083 /* IPadNewProjectViewController.xib */,
				2ACC4EE41742954A00450083 /* IPadSlideViewController.h */,
				2ACC4EE51742954A00450083 /* IPadSlideViewController.m */,
				2A2A8E8A174314E500D00631 /* IPadNewCharacterViewController.h */,
				2A2A8E8B174314E500D00631 /* IPadNewCharacterViewController.m */,
				2A2A8E8C174314E500D00631 /* IPadNewCharacterViewController.xib */,
				2A2A8E8F17441D3100D00631 /* IPadProjectOutlineTableViewController.h */,
				2A2A8E9017441D3100D00631 /* IPadProjectOutlineTableViewController.m */,
				2A2A8E9D17444DE400D00631 /* IPadNewSceneViewController.h */,
				2A2A8E9E17444DE400D00631 /* IPadNewSceneViewController.m */,
				2A2A8E9F17444DE500D00631 /* IPadNewSceneViewController.xib */,
				2A2A8EA71744629400D00631 /* IPadProjectSceneTableViewController.h */,
				2A2A8EA81744629400D00631 /* IPadProjectSceneTableViewController.m */,
				2A2A8EA91744629400D00631 /* IPadProjectSceneTableViewController.xib */,
				2A00E532174E6CEE00C35F14 /* ProjectButton.h */,
				2A00E533174E6CEE00C35F14 /* ProjectButton.m */,
				2A00E53D175646FB00C35F14 /* IPadProjectNewViewController.h */,
				2A00E53E175646FC00C35F14 /* IPadProjectNewViewController.m */,
			);
			name = IPadViewControllers;
			sourceTree = "<group>";
		};
		2A1BD48F173FEBFA00E2CE33 /* THGridMenu */ = {
			isa = PBXGroup;
			children = (
				2A1BD490173FEC4800E2CE33 /* THGridMenu.h */,
				2A1BD491173FEC4800E2CE33 /* THGridMenu.m */,
				2A1BD496173FF66200E2CE33 /* THGridMenuItem.h */,
				2A1BD497173FF66200E2CE33 /* THGridMenuItem.m */,
			);
			name = THGridMenu;
			sourceTree = "<group>";
		};
		2AAD4C9F1756DEB700484B48 /* CustomViewElements */ = {
			isa = PBXGroup;
			children = (
				2AAD4CA01756DF4400484B48 /* NewObjectLabel.h */,
				2AAD4CA11756DF4400484B48 /* NewObjectLabel.m */,
				2AAD4CA31756E72D00484B48 /* NewObjectTextField.h */,
				2AAD4CA41756E72D00484B48 /* NewObjectTextField.m */,
				2AAD4CA61756E9F500484B48 /* SelectorLabel.h */,
				2AAD4CA71756E9F500484B48 /* SelectorLabel.m */,
				2AAD4CA91756EEC600484B48 /* ProjectPicker.h */,
				2AAD4CAA1756EEC600484B48 /* ProjectPicker.m */,
				2AAD4CBD17593F2200484B48 /* THLabel.h */,
				2AAD4CBE17593F2200484B48 /* THLabel.m */,
				2AAD4CED175BC81700484B48 /* StatBox.h */,
				2AAD4CEE175BC81800484B48 /* StatBox.m */,
				2AAD4CF0175C0CA500484B48 /* SceneCell.h */,
				2AAD4CF1175C0CA600484B48 /* SceneCell.m */,
			);
			name = CustomViewElements;
			sourceTree = "<group>";
		};
		2AAD4CAC1757175E00484B48 /* TDSemiModal */ = {
			isa = PBXGroup;
			children = (
				2AAD4CAD175717A800484B48 /* TDSemiModal.h */,
				2AAD4CAE175717A800484B48 /* TDSemiModalViewController.h */,
				2AAD4CAF175717A800484B48 /* TDSemiModalViewController.m */,
				2AAD4CB0175717A800484B48 /* UIViewController+TDSemiModalExtension.h */,
				2AAD4CB1175717A800484B48 /* UIViewController+TDSemiModalExtension.m */,
			);
			name = TDSemiModal;
			sourceTree = "<group>";
		};
		2AAD4CB7175914EF00484B48 /* THAutoLayout */ = {
			isa = PBXGroup;
			children = (
				2AAD4CB81759154A00484B48 /* UIView+THAutoLayout.h */,
				2AAD4CB91759154A00484B48 /* UIView+THAutoLayout.m */,
				2AAD4CBB175915C100484B48 /* projectMetrics.plist */,
			);
			name = THAutoLayout;
			sourceTree = "<group>";
		};
		2ACC4EE0174293CE00450083 /* CHSlideController */ = {
			isa = PBXGroup;
			children = (
				2ACC4EE11742940300450083 /* CHSlideController.h */,
				2ACC4EE21742940300450083 /* CHSlideController.m */,
			);
			name = CHSlideController;
			sourceTree = "<group>";
		};
/* End PBXGroup section */

/* Begin PBXNativeTarget section */
		2A1BD43A173C805C00E2CE33 /* Paperback Writer */ = {
			isa = PBXNativeTarget;
			buildConfigurationList = 2A1BD473173C805C00E2CE33 /* Build configuration list for PBXNativeTarget "Paperback Writer" */;
			buildPhases = (
				E05040FC92724FE9AB8DD26A /* Check Pods Manifest.lock */,
				2A1BD437173C805C00E2CE33 /* Sources */,
				2A1BD438173C805C00E2CE33 /* Frameworks */,
				2A1BD439173C805C00E2CE33 /* Resources */,
				5F983B0A74274CFDB56FBDEB /* Copy Pods Resources */,
			);
			buildRules = (
			);
			dependencies = (
			);
			name = "Paperback Writer";
			productName = "Paperback Writer";
			productReference = 2A1BD43B173C805C00E2CE33 /* Paperback Writer.app */;
			productType = "com.apple.product-type.application";
		};
		2A1BD45F173C805C00E2CE33 /* Paperback WriterTests */ = {
			isa = PBXNativeTarget;
			buildConfigurationList = 2A1BD476173C805C00E2CE33 /* Build configuration list for PBXNativeTarget "Paperback WriterTests" */;
			buildPhases = (
				2A1BD45B173C805C00E2CE33 /* Sources */,
				2A1BD45C173C805C00E2CE33 /* Frameworks */,
				2A1BD45D173C805C00E2CE33 /* Resources */,
				2A1BD45E173C805C00E2CE33 /* ShellScript */,
			);
			buildRules = (
			);
			dependencies = (
				2A1BD467173C805C00E2CE33 /* PBXTargetDependency */,
			);
			name = "Paperback WriterTests";
			productName = "Paperback WriterTests";
			productReference = 2A1BD460173C805C00E2CE33 /* Paperback WriterTests.octest */;
			productType = "com.apple.product-type.bundle";
		};
/* End PBXNativeTarget section */

/* Begin PBXProject section */
		2A1BD433173C805C00E2CE33 /* Project object */ = {
			isa = PBXProject;
			attributes = {
				LastUpgradeCheck = 0460;
				ORGANIZATIONNAME = "Lone Yeti";
			};
			buildConfigurationList = 2A1BD436173C805C00E2CE33 /* Build configuration list for PBXProject "Paperback Writer" */;
			compatibilityVersion = "Xcode 3.2";
			developmentRegion = English;
			hasScannedForEncodings = 0;
			knownRegions = (
				en,
			);
			mainGroup = 2A1BD432173C805C00E2CE33;
			productRefGroup = 2A1BD43C173C805C00E2CE33 /* Products */;
			projectDirPath = "";
			projectRoot = "";
			targets = (
				2A1BD43A173C805C00E2CE33 /* Paperback Writer */,
				2A1BD45F173C805C00E2CE33 /* Paperback WriterTests */,
			);
		};
/* End PBXProject section */

/* Begin PBXResourcesBuildPhase section */
		2A1BD439173C805C00E2CE33 /* Resources */ = {
			isa = PBXResourcesBuildPhase;
			buildActionMask = 2147483647;
			files = (
				2A1BD44B173C805C00E2CE33 /* InfoPlist.strings in Resources */,
				2A1BD453173C805C00E2CE33 /* Default.png in Resources */,
				2A1BD455173C805C00E2CE33 /* Default@2x.png in Resources */,
				2A1BD457173C805C00E2CE33 /* Default-568h@2x.png in Resources */,
				2ACC4EDD1740812D00450083 /* IPadNewProjectViewController.xib in Resources */,
				2A2A8E8E174314E600D00631 /* IPadNewCharacterViewController.xib in Resources */,
				2A2A8EA117444DE500D00631 /* IPadNewSceneViewController.xib in Resources */,
				2A2A8EAB1744629500D00631 /* IPadProjectSceneTableViewController.xib in Resources */,
				2A2A8EAD17456FEE00D00631 /* types.plist in Resources */,
				2A2A8EAF1745704D00D00631 /* genres.plist in Resources */,
				2A2A8EC817468FB000D00631 /* indicator.png in Resources */,
				2A2A8EC917468FB000D00631 /* indicator@2x.png in Resources */,
				2A2A8ECA17468FB000D00631 /* left_fade.png in Resources */,
				2A2A8ECB17468FB000D00631 /* left_fade@2x.png in Resources */,
				2A2A8ECC17468FB000D00631 /* loopback.png in Resources */,
				2A2A8ECD17468FB000D00631 /* loopback@2x.png in Resources */,
				2A2A8ECE17468FB000D00631 /* right_fade.png in Resources */,
				2A2A8ECF17468FB000D00631 /* right_fade@2x.png in Resources */,
				2A00E513174D9A7E00C35F14 /* Lato-Bla.ttf in Resources */,
				2A00E514174D9A7E00C35F14 /* Lato-BlaIta.ttf in Resources */,
				2A00E515174D9A7E00C35F14 /* Lato-Bol.ttf in Resources */,
				2A00E516174D9A7E00C35F14 /* Lato-BolIta.ttf in Resources */,
				2A00E517174D9A7E00C35F14 /* Lato-Hai.ttf in Resources */,
				2A00E518174D9A7E00C35F14 /* Lato-HaiIta.ttf in Resources */,
				2A00E519174D9A7E00C35F14 /* Lato-Lig.ttf in Resources */,
				2A00E51A174D9A7E00C35F14 /* Lato-LigIta.ttf in Resources */,
				2A00E51B174D9A7E00C35F14 /* Lato-Reg.ttf in Resources */,
				2A00E51C174D9A7E00C35F14 /* Lato-RegIta.ttf in Resources */,
				2A00E529174E69E000C35F14 /* ipad-characters@2x.png in Resources */,
				2A00E52A174E69E000C35F14 /* ipad-close@2x.png in Resources */,
				2A00E52B174E69E000C35F14 /* ipad-delete@2x.png in Resources */,
				2A00E52C174E69E000C35F14 /* ipad-info@2x.png in Resources */,
				2A00E52D174E69E000C35F14 /* ipad-outline@2x.png in Resources */,
				2A00E52E174E69E000C35F14 /* ipad-research@2x.png in Resources */,
				2A00E536174E7E0500C35F14 /* ipad-outline2@2x.png in Resources */,
				2AAD4CBC175915C100484B48 /* projectMetrics.plist in Resources */,
			);
			runOnlyForDeploymentPostprocessing = 0;
		};
		2A1BD45D173C805C00E2CE33 /* Resources */ = {
			isa = PBXResourcesBuildPhase;
			buildActionMask = 2147483647;
			files = (
				2A1BD46D173C805C00E2CE33 /* InfoPlist.strings in Resources */,
			);
			runOnlyForDeploymentPostprocessing = 0;
		};
/* End PBXResourcesBuildPhase section */

/* Begin PBXShellScriptBuildPhase section */
		2A1BD45E173C805C00E2CE33 /* ShellScript */ = {
			isa = PBXShellScriptBuildPhase;
			buildActionMask = 2147483647;
			files = (
			);
			inputPaths = (
			);
			outputPaths = (
			);
			runOnlyForDeploymentPostprocessing = 0;
			shellPath = /bin/sh;
			shellScript = "# Run the unit tests in this test bundle.\n\"${SYSTEM_DEVELOPER_DIR}/Tools/RunUnitTests\"\n";
		};
		5F983B0A74274CFDB56FBDEB /* Copy Pods Resources */ = {
			isa = PBXShellScriptBuildPhase;
			buildActionMask = 2147483647;
			files = (
			);
			inputPaths = (
			);
			name = "Copy Pods Resources";
			outputPaths = (
			);
			runOnlyForDeploymentPostprocessing = 0;
			shellPath = /bin/sh;
			shellScript = "\"${SRCROOT}/Pods/Pods-resources.sh\"\n";
		};
		E05040FC92724FE9AB8DD26A /* Check Pods Manifest.lock */ = {
			isa = PBXShellScriptBuildPhase;
			buildActionMask = 2147483647;
			files = (
			);
			inputPaths = (
			);
			name = "Check Pods Manifest.lock";
			outputPaths = (
			);
			runOnlyForDeploymentPostprocessing = 0;
			shellPath = /bin/sh;
			shellScript = "diff \"${PODS_ROOT}/../Podfile.lock\" \"${PODS_ROOT}/Manifest.lock\" > /dev/null\nif [[ $? != 0 ]] ; then\n    cat << EOM\nerror: The sandbox is not in sync with the Podfile.lock. Run 'pod install' or update your CocoaPods installation.\nEOM\n    exit 1\nfi\n";
		};
/* End PBXShellScriptBuildPhase section */

/* Begin PBXSourcesBuildPhase section */
		2A1BD437173C805C00E2CE33 /* Sources */ = {
			isa = PBXSourcesBuildPhase;
			buildActionMask = 2147483647;
			files = (
				2A1BD44D173C805C00E2CE33 /* main.m in Sources */,
				2A1BD451173C805C00E2CE33 /* AppDelegate.m in Sources */,
				2A1BD45A173C805C00E2CE33 /* Paperback_Writer.xcdatamodeld in Sources */,
				2A1BD483173DBDBF00E2CE33 /* IPadProjectMenuViewController.m in Sources */,
				2A1BD48D173DDD2B00E2CE33 /* IPadProjectCharacterViewController.m in Sources */,
				2A1BD492173FEC4800E2CE33 /* THGridMenu.m in Sources */,
				2A1BD495173FED8800E2CE33 /* IPadGridRootViewController.m in Sources */,
				2A1BD498173FF66200E2CE33 /* THGridMenuItem.m in Sources */,
				2ACC4ED517405EBB00450083 /* Project.m in Sources */,
				2ACC4ED817405ED100450083 /* Character.m in Sources */,
				2ACC4EDC1740812D00450083 /* IPadNewProjectViewController.m in Sources */,
				2ACC4EE31742940300450083 /* CHSlideController.m in Sources */,
				2ACC4EE61742954A00450083 /* IPadSlideViewController.m in Sources */,
				2ACC4EE91742B99B00450083 /* GlobalProject.m in Sources */,
				2A2A8E851742FC5300D00631 /* THGridMenuItem+ProjectItem.m in Sources */,
				2A2A8E891743047900D00631 /* THGridMenuItem+CharacterItem.m in Sources */,
				2A2A8E8D174314E600D00631 /* IPadNewCharacterViewController.m in Sources */,
				2A2A8E9117441D3200D00631 /* IPadProjectOutlineTableViewController.m in Sources */,
				2A2A8E9417441F6100D00631 /* Outline.m in Sources */,
				2A2A8E9717441F7500D00631 /* Scene.m in Sources */,
				2A2A8EA017444DE500D00631 /* IPadNewSceneViewController.m in Sources */,
				2A2A8EAA1744629500D00631 /* IPadProjectSceneTableViewController.m in Sources */,
				2A00E520174D9E2100C35F14 /* UIColor+THColor.m in Sources */,
				2A00E534174E6CEE00C35F14 /* ProjectButton.m in Sources */,
				2A00E539174EC5B300C35F14 /* IPadProjectInformationViewController.m in Sources */,
				2A00E53C174FCE7C00C35F14 /* THUtil.m in Sources */,
				2A00E53F175646FC00C35F14 /* IPadProjectNewViewController.m in Sources */,
				2AAD4CA21756DF4400484B48 /* NewObjectLabel.m in Sources */,
				2AAD4CA51756E72D00484B48 /* NewObjectTextField.m in Sources */,
				2AAD4CA81756E9F500484B48 /* SelectorLabel.m in Sources */,
				2AAD4CAB1756EEC600484B48 /* ProjectPicker.m in Sources */,
				2AAD4CB2175717A800484B48 /* TDSemiModalViewController.m in Sources */,
				2AAD4CB3175717A800484B48 /* UIViewController+TDSemiModalExtension.m in Sources */,
				2AAD4CBA1759154A00484B48 /* UIView+THAutoLayout.m in Sources */,
				2AAD4CBF17593F2200484B48 /* THLabel.m in Sources */,
				2AAD4CEF175BC81900484B48 /* StatBox.m in Sources */,
				2AAD4CF2175C0CA700484B48 /* SceneCell.m in Sources */,
			);
			runOnlyForDeploymentPostprocessing = 0;
		};
		2A1BD45B173C805C00E2CE33 /* Sources */ = {
			isa = PBXSourcesBuildPhase;
			buildActionMask = 2147483647;
			files = (
				2A1BD470173C805C00E2CE33 /* Paperback_WriterTests.m in Sources */,
			);
			runOnlyForDeploymentPostprocessing = 0;
		};
/* End PBXSourcesBuildPhase section */

/* Begin PBXTargetDependency section */
		2A1BD467173C805C00E2CE33 /* PBXTargetDependency */ = {
			isa = PBXTargetDependency;
			target = 2A1BD43A173C805C00E2CE33 /* Paperback Writer */;
			targetProxy = 2A1BD466173C805C00E2CE33 /* PBXContainerItemProxy */;
		};
/* End PBXTargetDependency section */

/* Begin PBXVariantGroup section */
		2A1BD449173C805C00E2CE33 /* InfoPlist.strings */ = {
			isa = PBXVariantGroup;
			children = (
				2A1BD44A173C805C00E2CE33 /* en */,
			);
			name = InfoPlist.strings;
			sourceTree = "<group>";
		};
		2A1BD46B173C805C00E2CE33 /* InfoPlist.strings */ = {
			isa = PBXVariantGroup;
			children = (
				2A1BD46C173C805C00E2CE33 /* en */,
			);
			name = InfoPlist.strings;
			sourceTree = "<group>";
		};
/* End PBXVariantGroup section */

/* Begin XCBuildConfiguration section */
		2A1BD471173C805C00E2CE33 /* Debug */ = {
			isa = XCBuildConfiguration;
			buildSettings = {
				ALWAYS_SEARCH_USER_PATHS = NO;
				CLANG_CXX_LANGUAGE_STANDARD = "gnu++0x";
				CLANG_CXX_LIBRARY = "libc++";
				CLANG_ENABLE_OBJC_ARC = YES;
				CLANG_WARN_CONSTANT_CONVERSION = YES;
				CLANG_WARN_EMPTY_BODY = YES;
				CLANG_WARN_ENUM_CONVERSION = YES;
				CLANG_WARN_INT_CONVERSION = YES;
				CLANG_WARN__DUPLICATE_METHOD_MATCH = YES;
				"CODE_SIGN_IDENTITY[sdk=iphoneos*]" = "iPhone Developer";
				COPY_PHASE_STRIP = NO;
				GCC_C_LANGUAGE_STANDARD = gnu99;
				GCC_DYNAMIC_NO_PIC = NO;
				GCC_OPTIMIZATION_LEVEL = 0;
				GCC_PREPROCESSOR_DEFINITIONS = (
					"DEBUG=1",
					"$(inherited)",
				);
				GCC_SYMBOLS_PRIVATE_EXTERN = NO;
				GCC_WARN_ABOUT_RETURN_TYPE = YES;
				GCC_WARN_UNINITIALIZED_AUTOS = YES;
				GCC_WARN_UNUSED_VARIABLE = YES;
				IPHONEOS_DEPLOYMENT_TARGET = 6.1;
				ONLY_ACTIVE_ARCH = YES;
				SDKROOT = iphoneos;
				TARGETED_DEVICE_FAMILY = "1,2";
			};
			name = Debug;
		};
		2A1BD472173C805C00E2CE33 /* Release */ = {
			isa = XCBuildConfiguration;
			buildSettings = {
				ALWAYS_SEARCH_USER_PATHS = NO;
				CLANG_CXX_LANGUAGE_STANDARD = "gnu++0x";
				CLANG_CXX_LIBRARY = "libc++";
				CLANG_ENABLE_OBJC_ARC = YES;
				CLANG_WARN_CONSTANT_CONVERSION = YES;
				CLANG_WARN_EMPTY_BODY = YES;
				CLANG_WARN_ENUM_CONVERSION = YES;
				CLANG_WARN_INT_CONVERSION = YES;
				CLANG_WARN__DUPLICATE_METHOD_MATCH = YES;
				"CODE_SIGN_IDENTITY[sdk=iphoneos*]" = "iPhone Developer";
				COPY_PHASE_STRIP = YES;
				GCC_C_LANGUAGE_STANDARD = gnu99;
				GCC_WARN_ABOUT_RETURN_TYPE = YES;
				GCC_WARN_UNINITIALIZED_AUTOS = YES;
				GCC_WARN_UNUSED_VARIABLE = YES;
				IPHONEOS_DEPLOYMENT_TARGET = 6.1;
				OTHER_CFLAGS = "-DNS_BLOCK_ASSERTIONS=1";
				SDKROOT = iphoneos;
				TARGETED_DEVICE_FAMILY = "1,2";
				VALIDATE_PRODUCT = YES;
			};
			name = Release;
		};
		2A1BD474173C805C00E2CE33 /* Debug */ = {
			isa = XCBuildConfiguration;
			baseConfigurationReference = E773249B58D44E748CDAC730 /* Pods.xcconfig */;
			buildSettings = {
				GCC_PRECOMPILE_PREFIX_HEADER = YES;
				GCC_PREFIX_HEADER = "Paperback Writer/Paperback Writer-Prefix.pch";
				INFOPLIST_FILE = "Paperback Writer/Paperback Writer-Info.plist";
				PRODUCT_NAME = "$(TARGET_NAME)";
				WRAPPER_EXTENSION = app;
			};
			name = Debug;
		};
		2A1BD475173C805C00E2CE33 /* Release */ = {
			isa = XCBuildConfiguration;
			baseConfigurationReference = E773249B58D44E748CDAC730 /* Pods.xcconfig */;
			buildSettings = {
				GCC_PRECOMPILE_PREFIX_HEADER = YES;
				GCC_PREFIX_HEADER = "Paperback Writer/Paperback Writer-Prefix.pch";
				INFOPLIST_FILE = "Paperback Writer/Paperback Writer-Info.plist";
				PRODUCT_NAME = "$(TARGET_NAME)";
				WRAPPER_EXTENSION = app;
			};
			name = Release;
		};
		2A1BD477173C805C00E2CE33 /* Debug */ = {
			isa = XCBuildConfiguration;
			buildSettings = {
				BUNDLE_LOADER = "$(BUILT_PRODUCTS_DIR)/Paperback Writer.app/Paperback Writer";
				FRAMEWORK_SEARCH_PATHS = (
					"\"$(SDKROOT)/Developer/Library/Frameworks\"",
					"\"$(DEVELOPER_LIBRARY_DIR)/Frameworks\"",
				);
				GCC_PRECOMPILE_PREFIX_HEADER = YES;
				GCC_PREFIX_HEADER = "Paperback Writer/Paperback Writer-Prefix.pch";
				INFOPLIST_FILE = "Paperback WriterTests/Paperback WriterTests-Info.plist";
				PRODUCT_NAME = "$(TARGET_NAME)";
				TEST_HOST = "$(BUNDLE_LOADER)";
				WRAPPER_EXTENSION = octest;
			};
			name = Debug;
		};
		2A1BD478173C805C00E2CE33 /* Release */ = {
			isa = XCBuildConfiguration;
			buildSettings = {
				BUNDLE_LOADER = "$(BUILT_PRODUCTS_DIR)/Paperback Writer.app/Paperback Writer";
				FRAMEWORK_SEARCH_PATHS = (
					"\"$(SDKROOT)/Developer/Library/Frameworks\"",
					"\"$(DEVELOPER_LIBRARY_DIR)/Frameworks\"",
				);
				GCC_PRECOMPILE_PREFIX_HEADER = YES;
				GCC_PREFIX_HEADER = "Paperback Writer/Paperback Writer-Prefix.pch";
				INFOPLIST_FILE = "Paperback WriterTests/Paperback WriterTests-Info.plist";
				PRODUCT_NAME = "$(TARGET_NAME)";
				TEST_HOST = "$(BUNDLE_LOADER)";
				WRAPPER_EXTENSION = octest;
			};
			name = Release;
		};
/* End XCBuildConfiguration section */

/* Begin XCConfigurationList section */
		2A1BD436173C805C00E2CE33 /* Build configuration list for PBXProject "Paperback Writer" */ = {
			isa = XCConfigurationList;
			buildConfigurations = (
				2A1BD471173C805C00E2CE33 /* Debug */,
				2A1BD472173C805C00E2CE33 /* Release */,
			);
			defaultConfigurationIsVisible = 0;
			defaultConfigurationName = Release;
		};
		2A1BD473173C805C00E2CE33 /* Build configuration list for PBXNativeTarget "Paperback Writer" */ = {
			isa = XCConfigurationList;
			buildConfigurations = (
				2A1BD474173C805C00E2CE33 /* Debug */,
				2A1BD475173C805C00E2CE33 /* Release */,
			);
			defaultConfigurationIsVisible = 0;
			defaultConfigurationName = Release;
		};
		2A1BD476173C805C00E2CE33 /* Build configuration list for PBXNativeTarget "Paperback WriterTests" */ = {
			isa = XCConfigurationList;
			buildConfigurations = (
				2A1BD477173C805C00E2CE33 /* Debug */,
				2A1BD478173C805C00E2CE33 /* Release */,
			);
			defaultConfigurationIsVisible = 0;
			defaultConfigurationName = Release;
		};
/* End XCConfigurationList section */

/* Begin XCVersionGroup section */
		2A1BD458173C805C00E2CE33 /* Paperback_Writer.xcdatamodeld */ = {
			isa = XCVersionGroup;
			children = (
				2A1BD459173C805C00E2CE33 /* Paperback_Writer.xcdatamodel */,
			);
			currentVersion = 2A1BD459173C805C00E2CE33 /* Paperback_Writer.xcdatamodel */;
			path = Paperback_Writer.xcdatamodeld;
			sourceTree = "<group>";
			versionGroupType = wrapper.xcdatamodel;
		};
/* End XCVersionGroup section */
	};
	rootObject = 2A1BD433173C805C00E2CE33 /* Project object */;
}
